Microsoft Visual Studio Solution File, Format Version 12.00
# Visual Studio Version 17
VisualStudioVersion = 17.5.2.0
MinimumVisualStudioVersion = 10.0.40219.1
Project("{2150E333-8FDC-42A3-9474-1A3956D46DE8}") = "src", "src", "{827E0CD3-B72D-47B6-A68D-7590B98EB39B}"
EndProject
Project("{FAE04EC0-301F-11D3-BF4B-00C04F79EFBC}") = "Application", "src\Application\Application.csproj", "{5BDAB160-5258-45DA-1CDF-4BFCF367E785}"
EndProject
Project("{FAE04EC0-301F-11D3-BF4B-00C04F79EFBC}") = "Domain", "src\Domain\Domain.csproj", "{87EDA1D2-4B5B-E524-38CE-D0BFCA5F4D6B}"
EndProject
Project("{FAE04EC0-301F-11D3-BF4B-00C04F79EFBC}") = "Infrastructure", "src\Infrastructure\Infrastructure.csproj", "{3D745DFE-AF9A-E111-755D-FD3FFF280728}"
EndProject
Project("{FAE04EC0-301F-11D3-BF4B-00C04F79EFBC}") = "SharedKernel", "src\SharedKernel\SharedKernel.csproj", "{D1DA9BB8-A31F-5E76-AEF9-E74FC07EBD54}"
EndProject
Project("{FAE04EC0-301F-11D3-BF4B-00C04F79EFBC}") = "tests", "src\tests\tests.csproj", "{7F07676E-FF70-6F3E-0158-57089DADC62B}"
EndProject
Project("{FAE04EC0-301F-11D3-BF4B-00C04F79EFBC}") = "Web", "src\Web\Web.csproj", "{E5706BEE-C3FB-E7BE-641A-413C1A61D716}"
EndProject
Global
	GlobalSection(SolutionConfigurationPlatforms) = preSolution
		Debug|Any CPU = Debug|Any CPU
		Release|Any CPU = Release|Any CPU
	EndGlobalSection
	GlobalSection(ProjectConfigurationPlatforms) = postSolution
		{5BDAB160-5258-45DA-1CDF-4BFCF367E785}.Debug|Any CPU.ActiveCfg = Debug|Any CPU
		{5BDAB160-5258-45DA-1CDF-4BFCF367E785}.Debug|Any CPU.Build.0 = Debug|Any CPU
		{5BDAB160-5258-45DA-1CDF-4BFCF367E785}.Release|Any CPU.ActiveCfg = Release|Any CPU
		{5BDAB160-5258-45DA-1CDF-4BFCF367E785}.Release|Any CPU.Build.0 = Release|Any CPU
		{87EDA1D2-4B5B-E524-38CE-D0BFCA5F4D6B}.Debug|Any CPU.ActiveCfg = Debug|Any CPU
		{87EDA1D2-4B5B-E524-38CE-D0BFCA5F4D6B}.Debug|Any CPU.Build.0 = Debug|Any CPU
		{87EDA1D2-4B5B-E524-38CE-D0BFCA5F4D6B}.Release|Any CPU.ActiveCfg = Release|Any CPU
		{87EDA1D2-4B5B-E524-38CE-D0BFCA5F4D6B}.Release|Any CPU.Build.0 = Release|Any CPU
		{3D745DFE-AF9A-E111-755D-FD3FFF280728}.Debug|Any CPU.ActiveCfg = Debug|Any CPU
		{3D745DFE-AF9A-E111-755D-FD3FFF280728}.Debug|Any CPU.Build.0 = Debug|Any CPU
		{3D745DFE-AF9A-E111-755D-FD3FFF280728}.Release|Any CPU.ActiveCfg = Release|Any CPU
		{3D745DFE-AF9A-E111-755D-FD3FFF280728}.Release|Any CPU.Build.0 = Release|Any CPU
		{D1DA9BB8-A31F-5E76-AEF9-E74FC07EBD54}.Debug|Any CPU.ActiveCfg = Debug|Any CPU
		{D1DA9BB8-A31F-5E76-AEF9-E74FC07EBD54}.Debug|Any CPU.Build.0 = Debug|Any CPU
		{D1DA9BB8-A31F-5E76-AEF9-E74FC07EBD54}.Release|Any CPU.ActiveCfg = Release|Any CPU
		{D1DA9BB8-A31F-5E76-AEF9-E74FC07EBD54}.Release|Any CPU.Build.0 = Release|Any CPU
		{7F07676E-FF70-6F3E-0158-57089DADC62B}.Debug|Any CPU.ActiveCfg = Debug|Any CPU
		{7F07676E-FF70-6F3E-0158-57089DADC62B}.Debug|Any CPU.Build.0 = Debug|Any CPU
		{7F07676E-FF70-6F3E-0158-57089DADC62B}.Release|Any CPU.ActiveCfg = Release|Any CPU
		{7F07676E-FF70-6F3E-0158-57089DADC62B}.Release|Any CPU.Build.0 = Release|Any CPU
		{E5706BEE-C3FB-E7BE-641A-413C1A61D716}.Debug|Any CPU.ActiveCfg = Debug|Any CPU
		{E5706BEE-C3FB-E7BE-641A-413C1A61D716}.Debug|Any CPU.Build.0 = Debug|Any CPU
		{E5706BEE-C3FB-E7BE-641A-413C1A61D716}.Release|Any CPU.ActiveCfg = Release|Any CPU
		{E5706BEE-C3FB-E7BE-641A-413C1A61D716}.Release|Any CPU.Build.0 = Release|Any CPU
	EndGlobalSection
	GlobalSection(SolutionProperties) = preSolution
		HideSolutionNode = FALSE
	EndGlobalSection
	GlobalSection(NestedProjects) = preSolution
		{5BDAB160-5258-45DA-1CDF-4BFCF367E785} = {827E0CD3-B72D-47B6-A68D-7590B98EB39B}
		{87EDA1D2-4B5B-E524-38CE-D0BFCA5F4D6B} = {827E0CD3-B72D-47B6-A68D-7590B98EB39B}
		{3D745DFE-AF9A-E111-755D-FD3FFF280728} = {827E0CD3-B72D-47B6-A68D-7590B98EB39B}
		{D1DA9BB8-A31F-5E76-AEF9-E74FC07EBD54} = {827E0CD3-B72D-47B6-A68D-7590B98EB39B}
		{7F07676E-FF70-6F3E-0158-57089DADC62B} = {827E0CD3-B72D-47B6-A68D-7590B98EB39B}
		{E5706BEE-C3FB-E7BE-641A-413C1A61D716} = {827E0CD3-B72D-47B6-A68D-7590B98EB39B}
	EndGlobalSection
	GlobalSection(ExtensibilityGlobals) = postSolution
		SolutionGuid = {24E94EDB-B391-46FA-9615-F522431697F1}
	EndGlobalSection
EndGlobal
