Microsoft Visual Studio Solution File, Format Version 12.00
# Visual Studio Version 17
VisualStudioVersion = 17.5.2.0
MinimumVisualStudioVersion = 10.0.40219.1
Project("{FAE04EC0-301F-11D3-BF4B-00C04F79EFBC}") = "Domain", "Domain\Domain.csproj", "{E528BBC3-1C26-8C35-F682-23718816ADCD}"
EndProject
Project("{FAE04EC0-301F-11D3-BF4B-00C04F79EFBC}") = "Web", "Web\Web.csproj", "{AE2BDC88-D1CD-68A9-724B-0BB2BF755B0E}"
EndProject
Project("{FAE04EC0-301F-11D3-BF4B-00C04F79EFBC}") = "Application", "Application\Application.csproj", "{F80C4E72-27A0-12B5-0634-DD5C11CFB0C1}"
EndProject
Project("{FAE04EC0-301F-11D3-BF4B-00C04F79EFBC}") = "SharedKernel", "SharedKernel\SharedKernel.csproj", "{E68FA0BA-F0A4-F704-5156-C748B031AB9D}"
EndProject
Project("{FAE04EC0-301F-11D3-BF4B-00C04F79EFBC}") = "Infrastructure", "Infrastructure\Infrastructure.csproj", "{5872AEB3-BAA3-FE31-B0EB-0FB6DBEDCF83}"
EndProject
Project("{2150E333-8FDC-42A3-9474-1A3956D46DE8}") = "tests", "tests", "{0AB3BF05-4346-4AA6-1389-037BE0695223}"
EndProject
Project("{FAE04EC0-301F-11D3-BF4B-00C04F79EFBC}") = "Infrastructure_Test", "tests\Infrastructure_Test\Infrastructure_Test.csproj", "{EC354529-BE49-B9B4-E3D4-27391951A1CB}"
EndProject
Global
	GlobalSection(SolutionConfigurationPlatforms) = preSolution
		Debug|Any CPU = Debug|Any CPU
		Release|Any CPU = Release|Any CPU
	EndGlobalSection
	GlobalSection(ProjectConfigurationPlatforms) = postSolution
		{E528BBC3-1C26-8C35-F682-23718816ADCD}.Debug|Any CPU.ActiveCfg = Debug|Any CPU
		{E528BBC3-1C26-8C35-F682-23718816ADCD}.Debug|Any CPU.Build.0 = Debug|Any CPU
		{E528BBC3-1C26-8C35-F682-23718816ADCD}.Release|Any CPU.ActiveCfg = Release|Any CPU
		{E528BBC3-1C26-8C35-F682-23718816ADCD}.Release|Any CPU.Build.0 = Release|Any CPU
		{AE2BDC88-D1CD-68A9-724B-0BB2BF755B0E}.Debug|Any CPU.ActiveCfg = Debug|Any CPU
		{AE2BDC88-D1CD-68A9-724B-0BB2BF755B0E}.Debug|Any CPU.Build.0 = Debug|Any CPU
		{AE2BDC88-D1CD-68A9-724B-0BB2BF755B0E}.Release|Any CPU.ActiveCfg = Release|Any CPU
		{AE2BDC88-D1CD-68A9-724B-0BB2BF755B0E}.Release|Any CPU.Build.0 = Release|Any CPU
		{F80C4E72-27A0-12B5-0634-DD5C11CFB0C1}.Debug|Any CPU.ActiveCfg = Debug|Any CPU
		{F80C4E72-27A0-12B5-0634-DD5C11CFB0C1}.Debug|Any CPU.Build.0 = Debug|Any CPU
		{F80C4E72-27A0-12B5-0634-DD5C11CFB0C1}.Release|Any CPU.ActiveCfg = Release|Any CPU
		{F80C4E72-27A0-12B5-0634-DD5C11CFB0C1}.Release|Any CPU.Build.0 = Release|Any CPU
		{E68FA0BA-F0A4-F704-5156-C748B031AB9D}.Debug|Any CPU.ActiveCfg = Debug|Any CPU
		{E68FA0BA-F0A4-F704-5156-C748B031AB9D}.Debug|Any CPU.Build.0 = Debug|Any CPU
		{E68FA0BA-F0A4-F704-5156-C748B031AB9D}.Release|Any CPU.ActiveCfg = Release|Any CPU
		{E68FA0BA-F0A4-F704-5156-C748B031AB9D}.Release|Any CPU.Build.0 = Release|Any CPU
		{5872AEB3-BAA3-FE31-B0EB-0FB6DBEDCF83}.Debug|Any CPU.ActiveCfg = Debug|Any CPU
		{5872AEB3-BAA3-FE31-B0EB-0FB6DBEDCF83}.Debug|Any CPU.Build.0 = Debug|Any CPU
		{5872AEB3-BAA3-FE31-B0EB-0FB6DBEDCF83}.Release|Any CPU.ActiveCfg = Release|Any CPU
		{5872AEB3-BAA3-FE31-B0EB-0FB6DBEDCF83}.Release|Any CPU.Build.0 = Release|Any CPU
		{EC354529-BE49-B9B4-E3D4-27391951A1CB}.Debug|Any CPU.ActiveCfg = Debug|Any CPU
		{EC354529-BE49-B9B4-E3D4-27391951A1CB}.Debug|Any CPU.Build.0 = Debug|Any CPU
		{EC354529-BE49-B9B4-E3D4-27391951A1CB}.Release|Any CPU.ActiveCfg = Release|Any CPU
		{EC354529-BE49-B9B4-E3D4-27391951A1CB}.Release|Any CPU.Build.0 = Release|Any CPU
	EndGlobalSection
	GlobalSection(SolutionProperties) = preSolution
		HideSolutionNode = FALSE
	EndGlobalSection
	GlobalSection(NestedProjects) = preSolution
		{EC354529-BE49-B9B4-E3D4-27391951A1CB} = {0AB3BF05-4346-4AA6-1389-037BE0695223}
	EndGlobalSection
	GlobalSection(ExtensibilityGlobals) = postSolution
		SolutionGuid = {8739E8AF-95ED-44B1-8A82-2988B765C1EC}
	EndGlobalSection
EndGlobal
